Microsoft Visual Studio Solution File, Format Version 12.00
# 17
VisualStudioVersion = 17.11.35327.3
MinimumVisualStudioVersion = 10.0.40219.1
Project("{FAE04EC0-301F-11D3-BF4B-00C04F79EFBC}") = "BuilderPatternWithFluentApi", "BuilderPatternWithFluentApi\BuilderPatternWithFluentApi.csproj", "{017DFB8F-C59D-4256-9BEA-08263525A2BF}"
EndProject
Global
	GlobalSection(SolutionConfigurationPlatforms) = preSolution
		Debug|Any CPU = Debug|Any CPU
		Release|Any CPU = Release|Any CPU
	EndGlobalSection
	GlobalSection(ProjectConfigurationPlatforms) = postSolution
		{017DFB8F-C59D-4256-9BEA-08263525A2BF}.Debug|Any CPU.ActiveCfg = Debug|Any CPU
		{017DFB8F-C59D-4256-9BEA-08263525A2BF}.Debug|Any CPU.Build.0 = Debug|Any CPU
		{017DFB8F-C59D-4256-9BEA-08263525A2BF}.Release|Any CPU.ActiveCfg = Release|Any CPU
		{017DFB8F-C59D-4256-9BEA-08263525A2BF}.Release|Any CPU.Build.0 = Release|Any CPU
	EndGlobalSection
	GlobalSection(SolutionProperties) = preSolution
		HideSolutionNode = FALSE
	EndGlobalSection
	GlobalSection(ExtensibilityGlobals) = postSolution
		SolutionGuid = {77D2060B-9730-4DB7-8433-42FE6C3A3929}
	EndGlobalSection
EndGlobal
